// !$*UTF8*$!
{
	archiveVersion = 1;
	classes = {
	};
	objectVersion = 50;
	objects = {

/* Begin PBXBuildFile section */
		26807E54238767AB00E0E6BE /* AppDelegate.swift in Sources */ = {isa = PBXBuildFile; fileRef = 26807E53238767AB00E0E6BE /* AppDelegate.swift */; };
		26807E56238767AB00E0E6BE /* SceneDelegate.swift in Sources */ = {isa = PBXBuildFile; fileRef = 26807E55238767AB00E0E6BE /* SceneDelegate.swift */; };
		26807E58238767AB00E0E6BE /* ViewController.swift in Sources */ = {isa = PBXBuildFile; fileRef = 26807E57238767AB00E0E6BE /* ViewController.swift */; };
		26807E5B238767AB00E0E6BE /* Main.storyboard in Resources */ = {isa = PBXBuildFile; fileRef = 26807E59238767AB00E0E6BE /* Main.storyboard */; };
		26807E5D238767AE00E0E6BE /* Assets.xcassets in Resources */ = {isa = PBXBuildFile; fileRef = 26807E5C238767AE00E0E6BE /* Assets.xcassets */; };
		26807E60238767AE00E0E6BE /* LaunchScreen.storyboard in Resources */ = {isa = PBXBuildFile; fileRef = 26807E5E238767AE00E0E6BE /* LaunchScreen.storyboard */; };
/* End PBXBuildFile section */

/* Begin PBXFileReference section */
		26807E50238767AB00E0E6BE /* P4_Quiz10.app */ = {isa = PBXFileReference; explicitFileType = wrapper.application; includeInIndex = 0; path = P4_Quiz10.app; sourceTree = BUILT_PRODUCTS_DIR; };
		26807E53238767AB00E0E6BE /* AppDelegate.swift */ = {isa = PBXFileReference; lastKnownFileType = sourcecode.swift; path = AppDelegate.swift; sourceTree = "<group>"; };
		26807E55238767AB00E0E6BE /* SceneDelegate.swift */ = {isa = PBXFileReference; lastKnownFileType = sourcecode.swift; path = SceneDelegate.swift; sourceTree = "<group>"; };
		26807E57238767AB00E0E6BE /* ViewController.swift */ = {isa = PBXFileReference; lastKnownFileType = sourcecode.swift; path = ViewController.swift; sourceTree = "<group>"; };
		26807E5A238767AB00E0E6BE /* Base */ = {isa = PBXFileReference; lastKnownFileType = file.storyboard; name = Base; path = Base.lproj/Main.storyboard; sourceTree = "<group>"; };
		26807E5C238767AE00E0E6BE /* Assets.xcassets */ = {isa = PBXFileReference; lastKnownFileType = folder.assetcatalog; path = Assets.xcassets; sourceTree = "<group>"; };
		26807E5F238767AE00E0E6BE /* Base */ = {isa = PBXFileReference; lastKnownFileType = file.storyboard; name = Base; path = Base.lproj/LaunchScreen.storyboard; sourceTree = "<group>"; };
		26807E61238767AE00E0E6BE /* Info.plist */ = {isa = PBXFileReference; lastKnownFileType = text.plist.xml; path = Info.plist; sourceTree = "<group>"; };
/* End PBXFileReference section */

/* Begin PBXFrameworksBuildPhase section */
		26807E4D238767AB00E0E6BE /* Frameworks */ = {
			isa = PBXFrameworksBuildPhase;
			buildActionMask = 2147483647;
			files = (
			);
			runOnlyForDeploymentPostprocessing = 0;
		};
/* End PBXFrameworksBuildPhase section */

/* Begin PBXGroup section */
		26807E47238767AB00E0E6BE = {
			isa = PBXGroup;
			children = (
				26807E52238767AB00E0E6BE /* P4_Quiz10 */,
				26807E51238767AB00E0E6BE /* Products */,
			);
			sourceTree = "<group>";
		};
		26807E51238767AB00E0E6BE /* Products */ = {
			isa = PBXGroup;
			children = (
				26807E50238767AB00E0E6BE /* P4_Quiz10.app */,
			);
			name = Products;
			sourceTree = "<group>";
		};
		26807E52238767AB00E0E6BE /* P4_Quiz10 */ = {
			isa = PBXGroup;
			children = (
				26807E53238767AB00E0E6BE /* AppDelegate.swift */,
				26807E55238767AB00E0E6BE /* SceneDelegate.swift */,
				26807E57238767AB00E0E6BE /* ViewController.swift */,
				26807E59238767AB00E0E6BE /* Main.storyboard */,
				26807E5C238767AE00E0E6BE /* Assets.xcassets */,
				26807E5E238767AE00E0E6BE /* LaunchScreen.storyboard */,
				26807E61238767AE00E0E6BE /* Info.plist */,
			);
			path = P4_Quiz10;
			sourceTree = "<group>";
		};
/* End PBXGroup section */

/* Begin PBXNativeTarget section */
		26807E4F238767AB00E0E6BE /* P4_Quiz10 */ = {
			isa = PBXNativeTarget;
			buildConfigurationList = 26807E64238767AE00E0E6BE /* Build configuration list for PBXNativeTarget "P4_Quiz10" */;
			buildPhases = (
				26807E4C238767AB00E0E6BE /* Sources */,
				26807E4D238767AB00E0E6BE /* Frameworks */,
				26807E4E238767AB00E0E6BE /* Resources */,
			);
			buildRules = (
			);
			dependencies = (
			);
			name = P4_Quiz10;
			productName = P4_Quiz10;
			productReference = 26807E50238767AB00E0E6BE /* P4_Quiz10.app */;
			productType = "com.apple.product-type.application";
		};
/* End PBXNativeTarget section */

/* Begin PBXProject section */
		26807E48238767AB00E0E6BE /* Project object */ = {
			isa = PBXProject;
			attributes = {
				LastSwiftUpdateCheck = 1110;
				LastUpgradeCheck = 1110;
				ORGANIZATIONNAME = "Xinxin Liu";
				TargetAttributes = {
					26807E4F238767AB00E0E6BE = {
						CreatedOnToolsVersion = 11.1;
					};
				};
			};
			buildConfigurationList = 26807E4B238767AB00E0E6BE /* Build configuration list for PBXProject "P4_Quiz10" */;
			compatibilityVersion = "Xcode 9.3";
			developmentRegion = en;
			hasScannedForEncodings = 0;
			knownRegions = (
				en,
				Base,
			);
			mainGroup = 26807E47238767AB00E0E6BE;
			productRefGroup = 26807E51238767AB00E0E6BE /* Products */;
			projectDirPath = "";
			projectRoot = "";
			targets = (
				26807E4F238767AB00E0E6BE /* P4_Quiz10 */,
			);
		};
/* End PBXProject section */

/* Begin PBXResourcesBuildPhase section */
		26807E4E238767AB00E0E6BE /* Resources */ = {
			isa = PBXResourcesBuildPhase;
			buildActionMask = 2147483647;
			files = (
				26807E60238767AE00E0E6BE /* LaunchScreen.storyboard in Resources */,
				26807E5D238767AE00E0E6BE /* Assets.xcassets in Resources */,
				26807E5B238767AB00E0E6BE /* Main.storyboard in Resources */,
			);
			runOnlyForDeploymentPostprocessing = 0;
		};
/* End PBXResourcesBuildPhase section */

/* Begin PBXSourcesBuildPhase section */
		26807E4C238767AB00E0E6BE /* Sources */ = {
			isa = PBXSourcesBuildPhase;
			buildActionMask = 2147483647;
			files = (
				26807E58238767AB00E0E6BE /* ViewController.swift in Sources */,
				26807E54238767AB00E0E6BE /* AppDelegate.swift in Sources */,
				26807E56238767AB00E0E6BE /* SceneDelegate.swift in Sources */,
			);
			runOnlyForDeploymentPostprocessing = 0;
		};
/* End PBXSourcesBuildPhase section */

/* Begin PBXVariantGroup section */
		26807E59238767AB00E0E6BE /* Main.storyboard */ = {
			isa = PBXVariantGroup;
			children = (
				26807E5A238767AB00E0E6BE /* Base */,
			);
			name = Main.storyboard;
			sourceTree = "<group>";
		};
		26807E5E238767AE00E0E6BE /* LaunchScreen.storyboard */ = {
			isa = PBXVariantGroup;
			children = (
				26807E5F238767AE00E0E6BE /* Base */,
			);
			name = LaunchScreen.storyboard;
			sourceTree = "<group>";
		};
/* End PBXVariantGroup section */

/* Begin XCBuildConfiguration section */
		26807E62238767AE00E0E6BE /* Debug */ = {
			isa = XCBuildConfiguration;
			buildSettings = {
				ALWAYS_SEARCH_USER_PATHS = NO;
				CLANG_ANALYZER_NONNULL = YES;
				CLANG_ANALYZER_NUMBER_OBJECT_CONVERSION = YES_AGGRESSIVE;
				CLANG_CXX_LANGUAGE_STANDARD = "gnu++14";
				CLANG_CXX_LIBRARY = "libc++";
				CLANG_ENABLE_MODULES = YES;
				CLANG_ENABLE_OBJC_ARC = YES;
				CLANG_ENABLE_OBJC_WEAK = YES;
				CLANG_WARN_BLOCK_CAPTURE_AUTORELEASING = YES;
				CLANG_WARN_BOOL_CONVERSION = YES;
				CLANG_WARN_COMMA = YES;
				CLANG_WARN_CONSTANT_CONVERSION = YES;
				CLANG_WARN_DEPRECATED_OBJC_IMPLEMENTATIONS = YES;
				CLANG_WARN_DIRECT_OBJC_ISA_USAGE = YES_ERROR;
				CLANG_WARN_DOCUMENTATION_COMMENTS = YES;
				CLANG_WARN_EMPTY_BODY = YES;
				CLANG_WARN_ENUM_CONVERSION = YES;
				CLANG_WARN_INFINITE_RECURSION = YES;
				CLANG_WARN_INT_CONVERSION = YES;
				CLANG_WARN_NON_LITERAL_NULL_CONVERSION = YES;
				CLANG_WARN_OBJC_IMPLICIT_RETAIN_SELF = YES;
				CLANG_WARN_OBJC_LITERAL_CONVERSION = YES;
				CLANG_WARN_OBJC_ROOT_CLASS = YES_ERROR;
				CLANG_WARN_RANGE_LOOP_ANALYSIS = YES;
				CLANG_WARN_STRICT_PROTOTYPES = YES;
				CLANG_WARN_SUSPICIOUS_MOVE = YES;
				CLANG_WARN_UNGUARDED_AVAILABILITY = YES_AGGRESSIVE;
				CLANG_WARN_UNREACHABLE_CODE = YES;
				CLANG_WARN__DUPLICATE_METHOD_MATCH = YES;
				COPY_PHASE_STRIP = NO;
				DEBUG_INFORMATION_FORMAT = dwarf;
				ENABLE_STRICT_OBJC_MSGSEND = YES;
				ENABLE_TESTABILITY = YES;
				GCC_C_LANGUAGE_STANDARD = gnu11;
				GCC_DYNAMIC_NO_PIC = NO;
				GCC_NO_COMMON_BLOCKS = YES;
				GCC_OPTIMIZATION_LEVEL = 0;
				GCC_PREPROCESSOR_DEFINITIONS = (
					"DEBUG=1",
					"$(inherited)",
				);
				GCC_WARN_64_TO_32_BIT_CONVERSION = YES;
				GCC_WARN_ABOUT_RETURN_TYPE = YES_ERROR;
				GCC_WARN_UNDECLARED_SELECTOR = YES;
				GCC_WARN_UNINITIALIZED_AUTOS = YES_AGGRESSIVE;
				GCC_WARN_UNUSED_FUNCTION = YES;
				GCC_WARN_UNUSED_VARIABLE = YES;
				IPHONEOS_DEPLOYMENT_TARGET = 13.1;
				MTL_ENABLE_DEBUG_INFO = INCLUDE_SOURCE;
				MTL_FAST_MATH = YES;
				ONLY_ACTIVE_ARCH = YES;
				SDKROOT = iphoneos;
				SWIFT_ACTIVE_COMPILATION_CONDITIONS = DEBUG;
				SWIFT_OPTIMIZATION_LEVEL = "-Onone";
			};
			name = Debug;
		};
		26807E63238767AE00E0E6BE /* Release */ = {
			isa = XCBuildConfiguration;
			buildSettings = {
				ALWAYS_SEARCH_USER_PATHS = NO;
				CLANG_ANALYZER_NONNULL = YES;
				CLANG_ANALYZER_NUMBER_OBJECT_CONVERSION = YES_AGGRESSIVE;
				CLANG_CXX_LANGUAGE_STANDARD = "gnu++14";
				CLANG_CXX_LIBRARY = "libc++";
				CLANG_ENABLE_MODULES = YES;
				CLANG_ENABLE_OBJC_ARC = YES;
				CLANG_ENABLE_OBJC_WEAK = YES;
				CLANG_WARN_BLOCK_CAPTURE_AUTORELEASING = YES;
				CLANG_WARN_BOOL_CONVERSION = YES;
				CLANG_WARN_COMMA = YES;
				CLANG_WARN_CONSTANT_CONVERSION = YES;
				CLANG_WARN_DEPRECATED_OBJC_IMPLEMENTATIONS = YES;
				CLANG_WARN_DIRECT_OBJC_ISA_USAGE = YES_ERROR;
				CLANG_WARN_DOCUMENTATION_COMMENTS = YES;
				CLANG_WARN_EMPTY_BODY = YES;
				CLANG_WARN_ENUM_CONVERSION = YES;
				CLANG_WARN_INFINITE_RECURSION = YES;
				CLANG_WARN_INT_CONVERSION = YES;
				CLANG_WARN_NON_LITERAL_NULL_CONVERSION = YES;
				CLANG_WARN_OBJC_IMPLICIT_RETAIN_SELF = YES;
				CLANG_WARN_OBJC_LITERAL_CONVERSION = YES;
				CLANG_WARN_OBJC_ROOT_CLASS = YES_ERROR;
				CLANG_WARN_RANGE_LOOP_ANALYSIS = YES;
				CLANG_WARN_STRICT_PROTOTYPES = YES;
				CLANG_WARN_SUSPICIOUS_MOVE = YES;
				CLANG_WARN_UNGUARDED_AVAILABILITY = YES_AGGRESSIVE;
				CLANG_WARN_UNREACHABLE_CODE = YES;
				CLANG_WARN__DUPLICATE_METHOD_MATCH = YES;
				COPY_PHASE_STRIP = NO;
				DEBUG_INFORMATION_FORMAT = "dwarf-with-dsym";
				ENABLE_NS_ASSERTIONS = NO;
				ENABLE_STRICT_OBJC_MSGSEND = YES;
				GCC_C_LANGUAGE_STANDARD = gnu11;
				GCC_NO_COMMON_BLOCKS = YES;
				GCC_WARN_64_TO_32_BIT_CONVERSION = YES;
				GCC_WARN_ABOUT_RETURN_TYPE = YES_ERROR;
				GCC_WARN_UNDECLARED_SELECTOR = YES;
				GCC_WARN_UNINITIALIZED_AUTOS = YES_AGGRESSIVE;
				GCC_WARN_UNUSED_FUNCTION = YES;
				GCC_WARN_UNUSED_VARIABLE = YES;
				IPHONEOS_DEPLOYMENT_TARGET = 13.1;
				MTL_ENABLE_DEBUG_INFO = NO;
				MTL_FAST_MATH = YES;
				SDKROOT = iphoneos;
				SWIFT_COMPILATION_MODE = wholemodule;
				SWIFT_OPTIMIZATION_LEVEL = "-O";
				VALIDATE_PRODUCT = YES;
			};
			name = Release;
		};
		26807E65238767AE00E0E6BE /* Debug */ = {
			isa = XCBuildConfiguration;
			buildSettings = {
				ASSETCATALOG_COMPILER_APPICON_NAME = AppIcon;
				CODE_SIGN_STYLE = Automatic;
				INFOPLIST_FILE = P4_Quiz10/Info.plist;
				LD_RUNPATH_SEARCH_PATHS = (
					"$(inherited)",
					"@executable_path/Frameworks",
				);
				PRODUCT_BUNDLE_IDENTIFIER = "com.xxliu95.P4-Quiz10";
				PRODUCT_NAME = "$(TARGET_NAME)";
				SWIFT_VERSION = 5.0;
				TARGETED_DEVICE_FAMILY = "1,2";
			};
			name = Debug;
		};
		26807E66238767AE00E0E6BE /* Release */ = {
			isa = XCBuildConfiguration;
			buildSettings = {
				ASSETCATALOG_COMPILER_APPICON_NAME = AppIcon;
				CODE_SIGN_STYLE = Automatic;
				INFOPLIST_FILE = P4_Quiz10/Info.plist;
				LD_RUNPATH_SEARCH_PATHS = (
					"$(inherited)",
					"@executable_path/Frameworks",
				);
				PRODUCT_BUNDLE_IDENTIFIER = "com.xxliu95.P4-Quiz10";
				PRODUCT_NAME = "$(TARGET_NAME)";
				SWIFT_VERSION = 5.0;
				TARGETED_DEVICE_FAMILY = "1,2";
			};
			name = Release;
		};
/* End XCBuildConfiguration section */

/* Begin XCConfigurationList section */
		26807E4B238767AB00E0E6BE /* Build configuration list for PBXProject "P4_Quiz10" */ = {
			isa = XCConfigurationList;
			buildConfigurations = (
				26807E62238767AE00E0E6BE /* Debug */,
				26807E63238767AE00E0E6BE /* Release */,
			);
			defaultConfigurationIsVisible = 0;
			defaultConfigurationName = Release;
		};
		26807E64238767AE00E0E6BE /* Build configuration list for PBXNativeTarget "P4_Quiz10" */ = {
			isa = XCConfigurationList;
			buildConfigurations = (
				26807E65238767AE00E0E6BE /* Debug */,
				26807E66238767AE00E0E6BE /* Release */,
			);
			defaultConfigurationIsVisible = 0;
			defaultConfigurationName = Release;
		};
/* End XCConfigurationList section */
	};
	rootObject = 26807E48238767AB00E0E6BE /* Project object */;
}
